
Microsoft Visual Studio Solution File, Format Version 12.00
# Visual Studio Version 17
VisualStudioVersion = 17.0.32014.148
MinimumVisualStudioVersion = 10.0.40219.1
Project("{FAE04EC0-301F-11D3-BF4B-00C04F79EFBC}") = "WpfApp17", "WpfApp17\WpfApp17.csproj", "{998AD341-7477-4C82-AB30-79E8D1A5A885}"
EndProject
Global
	GlobalSection(SolutionConfigurationPlatforms) = preSolution
		Debug|Any CPU = Debug|Any CPU
		Release|Any CPU = Release|Any CPU
	EndGlobalSection
	GlobalSection(ProjectConfigurationPlatforms) = postSolution
		{998AD341-7477-4C82-AB30-79E8D1A5A885}.Debug|Any CPU.ActiveCfg = Debug|Any CPU
		{998AD341-7477-4C82-AB30-79E8D1A5A885}.Debug|Any CPU.Build.0 = Debug|Any CPU
		{998AD341-7477-4C82-AB30-79E8D1A5A885}.Release|Any CPU.ActiveCfg = Release|Any CPU
		{998AD341-7477-4C82-AB30-79E8D1A5A885}.Release|Any CPU.Build.0 = Release|Any CPU
	EndGlobalSection
	GlobalSection(SolutionProperties) = preSolution
		HideSolutionNode = FALSE
	EndGlobalSection
	GlobalSection(ExtensibilityGlobals) = postSolution
		SolutionGuid = {FF93BD47-A64C-419C-B426-70CEDBBFACE3}
	EndGlobalSection
EndGlobal
